// !$*UTF8*$!
{
	archiveVersion = 1;
	classes = {
	};
	objectVersion = 50;
	objects = {

/* Begin PBXBuildFile section */
		345BDB1B24A9087F00151A07 /* Grid.swift in Sources */ = {isa = PBXBuildFile; fileRef = 345BDB1A24A9087F00151A07 /* Grid.swift */; };
		3496C24124A90D9F0025D805 /* GridLayout.swift in Sources */ = {isa = PBXBuildFile; fileRef = 3496C24024A90D9F0025D805 /* GridLayout.swift */; };
		34B1686B24A56D5400D6BDBD /* AppDelegate.swift in Sources */ = {isa = PBXBuildFile; fileRef = 34B1686A24A56D5400D6BDBD /* AppDelegate.swift */; };
		34B1686D24A56D5400D6BDBD /* SceneDelegate.swift in Sources */ = {isa = PBXBuildFile; fileRef = 34B1686C24A56D5400D6BDBD /* SceneDelegate.swift */; };
		34B1686F24A56D5400D6BDBD /* EmojiMemoryGameView.swift in Sources */ = {isa = PBXBuildFile; fileRef = 34B1686E24A56D5400D6BDBD /* EmojiMemoryGameView.swift */; };
		34B1687124A56D5500D6BDBD /* Assets.xcassets in Resources */ = {isa = PBXBuildFile; fileRef = 34B1687024A56D5500D6BDBD /* Assets.xcassets */; };
		34B1687424A56D5500D6BDBD /* Preview Assets.xcassets in Resources */ = {isa = PBXBuildFile; fileRef = 34B1687324A56D5500D6BDBD /* Preview Assets.xcassets */; };
		34B1687724A56D5500D6BDBD /* LaunchScreen.storyboard in Resources */ = {isa = PBXBuildFile; fileRef = 34B1687524A56D5500D6BDBD /* LaunchScreen.storyboard */; };
		34F3455D24A6BA6900A4F3C8 /* MemoryGame.swift in Sources */ = {isa = PBXBuildFile; fileRef = 34F3455C24A6BA6900A4F3C8 /* MemoryGame.swift */; };
		34F3455F24A6BCBD00A4F3C8 /* EmojiMemoryGame.swift in Sources */ = {isa = PBXBuildFile; fileRef = 34F3455E24A6BCBD00A4F3C8 /* EmojiMemoryGame.swift */; };
/* End PBXBuildFile section */

/* Begin PBXFileReference section */
		345BDB1A24A9087F00151A07 /* Grid.swift */ = {isa = PBXFileReference; lastKnownFileType = sourcecode.swift; path = Grid.swift; sourceTree = "<group>"; };
		3496C24024A90D9F0025D805 /* GridLayout.swift */ = {isa = PBXFileReference; fileEncoding = 4; lastKnownFileType = sourcecode.swift; path = GridLayout.swift; sourceTree = "<group>"; };
		34B1686724A56D5400D6BDBD /* Memorize.app */ = {isa = PBXFileReference; explicitFileType = wrapper.application; includeInIndex = 0; path = Memorize.app; sourceTree = BUILT_PRODUCTS_DIR; };
		34B1686A24A56D5400D6BDBD /* AppDelegate.swift */ = {isa = PBXFileReference; lastKnownFileType = sourcecode.swift; path = AppDelegate.swift; sourceTree = "<group>"; };
		34B1686C24A56D5400D6BDBD /* SceneDelegate.swift */ = {isa = PBXFileReference; lastKnownFileType = sourcecode.swift; path = SceneDelegate.swift; sourceTree = "<group>"; };
		34B1686E24A56D5400D6BDBD /* EmojiMemoryGameView.swift */ = {isa = PBXFileReference; lastKnownFileType = sourcecode.swift; path = EmojiMemoryGameView.swift; sourceTree = "<group>"; };
		34B1687024A56D5500D6BDBD /* Assets.xcassets */ = {isa = PBXFileReference; lastKnownFileType = folder.assetcatalog; path = Assets.xcassets; sourceTree = "<group>"; };
		34B1687324A56D5500D6BDBD /* Preview Assets.xcassets */ = {isa = PBXFileReference; lastKnownFileType = folder.assetcatalog; path = "Preview Assets.xcassets"; sourceTree = "<group>"; };
		34B1687624A56D5500D6BDBD /* Base */ = {isa = PBXFileReference; lastKnownFileType = file.storyboard; name = Base; path = Base.lproj/LaunchScreen.storyboard; sourceTree = "<group>"; };
		34B1687824A56D5500D6BDBD /* Info.plist */ = {isa = PBXFileReference; lastKnownFileType = text.plist.xml; path = Info.plist; sourceTree = "<group>"; };
		34F3455C24A6BA6900A4F3C8 /* MemoryGame.swift */ = {isa = PBXFileReference; lastKnownFileType = sourcecode.swift; path = MemoryGame.swift; sourceTree = "<group>"; };
		34F3455E24A6BCBD00A4F3C8 /* EmojiMemoryGame.swift */ = {isa = PBXFileReference; lastKnownFileType = sourcecode.swift; path = EmojiMemoryGame.swift; sourceTree = "<group>"; };
/* End PBXFileReference section */

/* Begin PBXFrameworksBuildPhase section */
		34B1686424A56D5400D6BDBD /* Frameworks */ = {
			isa = PBXFrameworksBuildPhase;
			buildActionMask = 2147483647;
			files = (
			);
			runOnlyForDeploymentPostprocessing = 0;
		};
/* End PBXFrameworksBuildPhase section */

/* Begin PBXGroup section */
		34B1685E24A56D5400D6BDBD = {
			isa = PBXGroup;
			children = (
				34B1686924A56D5400D6BDBD /* Memorize */,
				34B1686824A56D5400D6BDBD /* Products */,
			);
			sourceTree = "<group>";
		};
		34B1686824A56D5400D6BDBD /* Products */ = {
			isa = PBXGroup;
			children = (
				34B1686724A56D5400D6BDBD /* Memorize.app */,
			);
			name = Products;
			sourceTree = "<group>";
		};
		34B1686924A56D5400D6BDBD /* Memorize */ = {
			isa = PBXGroup;
			children = (
				345BDB1A24A9087F00151A07 /* Grid.swift */,
				3496C24024A90D9F0025D805 /* GridLayout.swift */,
				34B1686A24A56D5400D6BDBD /* AppDelegate.swift */,
				34B1686C24A56D5400D6BDBD /* SceneDelegate.swift */,
				34B1686E24A56D5400D6BDBD /* EmojiMemoryGameView.swift */,
				34F3455C24A6BA6900A4F3C8 /* MemoryGame.swift */,
				34F3455E24A6BCBD00A4F3C8 /* EmojiMemoryGame.swift */,
				34B1687024A56D5500D6BDBD /* Assets.xcassets */,
				34B1687524A56D5500D6BDBD /* LaunchScreen.storyboard */,
				34B1687824A56D5500D6BDBD /* Info.plist */,
				34B1687224A56D5500D6BDBD /* Preview Content */,
			);
			path = Memorize;
			sourceTree = "<group>";
		};
		34B1687224A56D5500D6BDBD /* Preview Content */ = {
			isa = PBXGroup;
			children = (
				34B1687324A56D5500D6BDBD /* Preview Assets.xcassets */,
			);
			path = "Preview Content";
			sourceTree = "<group>";
		};
/* End PBXGroup section */

/* Begin PBXNativeTarget section */
		34B1686624A56D5400D6BDBD /* Memorize */ = {
			isa = PBXNativeTarget;
			buildConfigurationList = 34B1687B24A56D5500D6BDBD /* Build configuration list for PBXNativeTarget "Memorize" */;
			buildPhases = (
				34B1686324A56D5400D6BDBD /* Sources */,
				34B1686424A56D5400D6BDBD /* Frameworks */,
				34B1686524A56D5400D6BDBD /* Resources */,
			);
			buildRules = (
			);
			dependencies = (
			);
			name = Memorize;
			productName = Memorize;
			productReference = 34B1686724A56D5400D6BDBD /* Memorize.app */;
			productType = "com.apple.product-type.application";
		};
/* End PBXNativeTarget section */

/* Begin PBXProject section */
		34B1685F24A56D5400D6BDBD /* Project object */ = {
			isa = PBXProject;
			attributes = {
				LastSwiftUpdateCheck = 1150;
				LastUpgradeCheck = 1150;
				ORGANIZATIONNAME = "Romulo Messias";
				TargetAttributes = {
					34B1686624A56D5400D6BDBD = {
						CreatedOnToolsVersion = 11.5;
					};
				};
			};
			buildConfigurationList = 34B1686224A56D5400D6BDBD /* Build configuration list for PBXProject "Memorize" */;
			compatibilityVersion = "Xcode 9.3";
			developmentRegion = en;
			hasScannedForEncodings = 0;
			knownRegions = (
				en,
				Base,
			);
			mainGroup = 34B1685E24A56D5400D6BDBD;
			productRefGroup = 34B1686824A56D5400D6BDBD /* Products */;
			projectDirPath = "";
			projectRoot = "";
			targets = (
				34B1686624A56D5400D6BDBD /* Memorize */,
			);
		};
/* End PBXProject section */

/* Begin PBXResourcesBuildPhase section */
		34B1686524A56D5400D6BDBD /* Resources */ = {
			isa = PBXResourcesBuildPhase;
			buildActionMask = 2147483647;
			files = (
				34B1687724A56D5500D6BDBD /* LaunchScreen.storyboard in Resources */,
				34B1687424A56D5500D6BDBD /* Preview Assets.xcassets in Resources */,
				34B1687124A56D5500D6BDBD /* Assets.xcassets in Resources */,
			);
			runOnlyForDeploymentPostprocessing = 0;
		};
/* End PBXResourcesBuildPhase section */

/* Begin PBXSourcesBuildPhase section */
		34B1686324A56D5400D6BDBD /* Sources */ = {
			isa = PBXSourcesBuildPhase;
			buildActionMask = 2147483647;
			files = (
				34B1686B24A56D5400D6BDBD /* AppDelegate.swift in Sources */,
				34B1686D24A56D5400D6BDBD /* SceneDelegate.swift in Sources */,
				34F3455D24A6BA6900A4F3C8 /* MemoryGame.swift in Sources */,
				34B1686F24A56D5400D6BDBD /* EmojiMemoryGameView.swift in Sources */,
				34F3455F24A6BCBD00A4F3C8 /* EmojiMemoryGame.swift in Sources */,
				3496C24124A90D9F0025D805 /* GridLayout.swift in Sources */,
				345BDB1B24A9087F00151A07 /* Grid.swift in Sources */,
			);
			runOnlyForDeploymentPostprocessing = 0;
		};
/* End PBXSourcesBuildPhase section */

/* Begin PBXVariantGroup section */
		34B1687524A56D5500D6BDBD /* LaunchScreen.storyboard */ = {
			isa = PBXVariantGroup;
			children = (
				34B1687624A56D5500D6BDBD /* Base */,
			);
			name = LaunchScreen.storyboard;
			sourceTree = "<group>";
		};
/* End PBXVariantGroup section */

/* Begin XCBuildConfiguration section */
		34B1687924A56D5500D6BDBD /* Debug */ = {
			isa = XCBuildConfiguration;
			buildSettings = {
				ALWAYS_SEARCH_USER_PATHS = NO;
				CLANG_ANALYZER_NONNULL = YES;
				CLANG_ANALYZER_NUMBER_OBJECT_CONVERSION = YES_AGGRESSIVE;
				CLANG_CXX_LANGUAGE_STANDARD = "gnu++14";
				CLANG_CXX_LIBRARY = "libc++";
				CLANG_ENABLE_MODULES = YES;
				CLANG_ENABLE_OBJC_ARC = YES;
				CLANG_ENABLE_OBJC_WEAK = YES;
				CLANG_WARN_BLOCK_CAPTURE_AUTORELEASING = YES;
				CLANG_WARN_BOOL_CONVERSION = YES;
				CLANG_WARN_COMMA = YES;
				CLANG_WARN_CONSTANT_CONVERSION = YES;
				CLANG_WARN_DEPRECATED_OBJC_IMPLEMENTATIONS = YES;
				CLANG_WARN_DIRECT_OBJC_ISA_USAGE = YES_ERROR;
				CLANG_WARN_DOCUMENTATION_COMMENTS = YES;
				CLANG_WARN_EMPTY_BODY = YES;
				CLANG_WARN_ENUM_CONVERSION = YES;
				CLANG_WARN_INFINITE_RECURSION = YES;
				CLANG_WARN_INT_CONVERSION = YES;
				CLANG_WARN_NON_LITERAL_NULL_CONVERSION = YES;
				CLANG_WARN_OBJC_IMPLICIT_RETAIN_SELF = YES;
				CLANG_WARN_OBJC_LITERAL_CONVERSION = YES;
				CLANG_WARN_OBJC_ROOT_CLASS = YES_ERROR;
				CLANG_WARN_RANGE_LOOP_ANALYSIS = YES;
				CLANG_WARN_STRICT_PROTOTYPES = YES;
				CLANG_WARN_SUSPICIOUS_MOVE = YES;
				CLANG_WARN_UNGUARDED_AVAILABILITY = YES_AGGRESSIVE;
				CLANG_WARN_UNREACHABLE_CODE = YES;
				CLANG_WARN__DUPLICATE_METHOD_MATCH = YES;
				COPY_PHASE_STRIP = NO;
				DEBUG_INFORMATION_FORMAT = dwarf;
				ENABLE_STRICT_OBJC_MSGSEND = YES;
				ENABLE_TESTABILITY = YES;
				GCC_C_LANGUAGE_STANDARD = gnu11;
				GCC_DYNAMIC_NO_PIC = NO;
				GCC_NO_COMMON_BLOCKS = YES;
				GCC_OPTIMIZATION_LEVEL = 0;
				GCC_PREPROCESSOR_DEFINITIONS = (
					"DEBUG=1",
					"$(inherited)",
				);
				GCC_WARN_64_TO_32_BIT_CONVERSION = YES;
				GCC_WARN_ABOUT_RETURN_TYPE = YES_ERROR;
				GCC_WARN_UNDECLARED_SELECTOR = YES;
				GCC_WARN_UNINITIALIZED_AUTOS = YES_AGGRESSIVE;
				GCC_WARN_UNUSED_FUNCTION = YES;
				GCC_WARN_UNUSED_VARIABLE = YES;
				IPHONEOS_DEPLOYMENT_TARGET = 13.5;
				MTL_ENABLE_DEBUG_INFO = INCLUDE_SOURCE;
				MTL_FAST_MATH = YES;
				ONLY_ACTIVE_ARCH = YES;
				SDKROOT = iphoneos;
				SWIFT_ACTIVE_COMPILATION_CONDITIONS = DEBUG;
				SWIFT_OPTIMIZATION_LEVEL = "-Onone";
			};
			name = Debug;
		};
		34B1687A24A56D5500D6BDBD /* Release */ = {
			isa = XCBuildConfiguration;
			buildSettings = {
				ALWAYS_SEARCH_USER_PATHS = NO;
				CLANG_ANALYZER_NONNULL = YES;
				CLANG_ANALYZER_NUMBER_OBJECT_CONVERSION = YES_AGGRESSIVE;
				CLANG_CXX_LANGUAGE_STANDARD = "gnu++14";
				CLANG_CXX_LIBRARY = "libc++";
				CLANG_ENABLE_MODULES = YES;
				CLANG_ENABLE_OBJC_ARC = YES;
				CLANG_ENABLE_OBJC_WEAK = YES;
				CLANG_WARN_BLOCK_CAPTURE_AUTORELEASING = YES;
				CLANG_WARN_BOOL_CONVERSION = YES;
				CLANG_WARN_COMMA = YES;
				CLANG_WARN_CONSTANT_CONVERSION = YES;
				CLANG_WARN_DEPRECATED_OBJC_IMPLEMENTATIONS = YES;
				CLANG_WARN_DIRECT_OBJC_ISA_USAGE = YES_ERROR;
				CLANG_WARN_DOCUMENTATION_COMMENTS = YES;
				CLANG_WARN_EMPTY_BODY = YES;
				CLANG_WARN_ENUM_CONVERSION = YES;
				CLANG_WARN_INFINITE_RECURSION = YES;
				CLANG_WARN_INT_CONVERSION = YES;
				CLANG_WARN_NON_LITERAL_NULL_CONVERSION = YES;
				CLANG_WARN_OBJC_IMPLICIT_RETAIN_SELF = YES;
				CLANG_WARN_OBJC_LITERAL_CONVERSION = YES;
				CLANG_WARN_OBJC_ROOT_CLASS = YES_ERROR;
				CLANG_WARN_RANGE_LOOP_ANALYSIS = YES;
				CLANG_WARN_STRICT_PROTOTYPES = YES;
				CLANG_WARN_SUSPICIOUS_MOVE = YES;
				CLANG_WARN_UNGUARDED_AVAILABILITY = YES_AGGRESSIVE;
				CLANG_WARN_UNREACHABLE_CODE = YES;
				CLANG_WARN__DUPLICATE_METHOD_MATCH = YES;
				COPY_PHASE_STRIP = NO;
				DEBUG_INFORMATION_FORMAT = "dwarf-with-dsym";
				ENABLE_NS_ASSERTIONS = NO;
				ENABLE_STRICT_OBJC_MSGSEND = YES;
				GCC_C_LANGUAGE_STANDARD = gnu11;
				GCC_NO_COMMON_BLOCKS = YES;
				GCC_WARN_64_TO_32_BIT_CONVERSION = YES;
				GCC_WARN_ABOUT_RETURN_TYPE = YES_ERROR;
				GCC_WARN_UNDECLARED_SELECTOR = YES;
				GCC_WARN_UNINITIALIZED_AUTOS = YES_AGGRESSIVE;
				GCC_WARN_UNUSED_FUNCTION = YES;
				GCC_WARN_UNUSED_VARIABLE = YES;
				IPHONEOS_DEPLOYMENT_TARGET = 13.5;
				MTL_ENABLE_DEBUG_INFO = NO;
				MTL_FAST_MATH = YES;
				SDKROOT = iphoneos;
				SWIFT_COMPILATION_MODE = wholemodule;
				SWIFT_OPTIMIZATION_LEVEL = "-O";
				VALIDATE_PRODUCT = YES;
			};
			name = Release;
		};
		34B1687C24A56D5500D6BDBD /* Debug */ = {
			isa = XCBuildConfiguration;
			buildSettings = {
				ASSETCATALOG_COMPILER_APPICON_NAME = AppIcon;
				CODE_SIGN_STYLE = Automatic;
				DEVELOPMENT_ASSET_PATHS = "\"Memorize/Preview Content\"";
				DEVELOPMENT_TEAM = 4YMKH6V7P7;
				ENABLE_PREVIEWS = YES;
				INFOPLIST_FILE = Memorize/Info.plist;
				LD_RUNPATH_SEARCH_PATHS = (
					"$(inherited)",
					"@executable_path/Frameworks",
				);
				PRODUCT_BUNDLE_IDENTIFIER = dev.romulomessias.Memorize;
				PRODUCT_NAME = "$(TARGET_NAME)";
				SWIFT_VERSION = 5.0;
				TARGETED_DEVICE_FAMILY = "1,2";
			};
			name = Debug;
		};
		34B1687D24A56D5500D6BDBD /* Release */ = {
			isa = XCBuildConfiguration;
			buildSettings = {
				ASSETCATALOG_COMPILER_APPICON_NAME = AppIcon;
				CODE_SIGN_STYLE = Automatic;
				DEVELOPMENT_ASSET_PATHS = "\"Memorize/Preview Content\"";
				DEVELOPMENT_TEAM = 4YMKH6V7P7;
				ENABLE_PREVIEWS = YES;
				INFOPLIST_FILE = Memorize/Info.plist;
				LD_RUNPATH_SEARCH_PATHS = (
					"$(inherited)",
					"@executable_path/Frameworks",
				);
				PRODUCT_BUNDLE_IDENTIFIER = dev.romulomessias.Memorize;
				PRODUCT_NAME = "$(TARGET_NAME)";
				SWIFT_VERSION = 5.0;
				TARGETED_DEVICE_FAMILY = "1,2";
			};
			name = Release;
		};
/* End XCBuildConfiguration section */

/* Begin XCConfigurationList section */
		34B1686224A56D5400D6BDBD /* Build configuration list for PBXProject "Memorize" */ = {
			isa = XCConfigurationList;
			buildConfigurations = (
				34B1687924A56D5500D6BDBD /* Debug */,
				34B1687A24A56D5500D6BDBD /* Release */,
			);
			defaultConfigurationIsVisible = 0;
			defaultConfigurationName = Release;
		};
		34B1687B24A56D5500D6BDBD /* Build configuration list for PBXNativeTarget "Memorize" */ = {
			isa = XCConfigurationList;
			buildConfigurations = (
				34B1687C24A56D5500D6BDBD /* Debug */,
				34B1687D24A56D5500D6BDBD /* Release */,
			);
			defaultConfigurationIsVisible = 0;
			defaultConfigurationName = Release;
		};
/* End XCConfigurationList section */
	};
	rootObject = 34B1685F24A56D5400D6BDBD /* Project object */;
}
